
Microsoft Visual Studio Solution File, Format Version 12.00
Project("{FAE04EC0-301F-11D3-BF4B-00C04F79EFBC}") = "kentaasvang.ServerWorker", "kentaasvang.ServerWorker\kentaasvang.ServerWorker.csproj", "{FE525F3F-913B-4111-8CA0-3AFE22985DFD}"
EndProject
Project("{2150E333-8FDC-42A3-9474-1A3956D46DE8}") = "Dist", "Dist", "{ED9F15C9-92BE-4019-AE97-668A3F536DBD}"
	ProjectSection(SolutionItems) = preProject
		dist\appsettings.Development.json = dist\appsettings.Development.json
		dist\appsettings.json = dist\appsettings.json
		dist\kentaasvang.ServerWorker = dist\kentaasvang.ServerWorker
		dist\kentaasvang.ServerWorker.pdb = dist\kentaasvang.ServerWorker.pdb
	EndProjectSection
EndProject
Project("{2150E333-8FDC-42A3-9474-1A3956D46DE8}") = "Docs", "Docs", "{204BE3BC-5432-4722-9E1A-DE7C4F5E6C9B}"
	ProjectSection(SolutionItems) = preProject
		README.md = README.md
	EndProjectSection
EndProject
Global
	GlobalSection(SolutionConfigurationPlatforms) = preSolution
		Debug|Any CPU = Debug|Any CPU
		Release|Any CPU = Release|Any CPU
	EndGlobalSection
	GlobalSection(ProjectConfigurationPlatforms) = postSolution
		{FE525F3F-913B-4111-8CA0-3AFE22985DFD}.Debug|Any CPU.ActiveCfg = Debug|Any CPU
		{FE525F3F-913B-4111-8CA0-3AFE22985DFD}.Debug|Any CPU.Build.0 = Debug|Any CPU
		{FE525F3F-913B-4111-8CA0-3AFE22985DFD}.Release|Any CPU.ActiveCfg = Release|Any CPU
		{FE525F3F-913B-4111-8CA0-3AFE22985DFD}.Release|Any CPU.Build.0 = Release|Any CPU
	EndGlobalSection
EndGlobal
