
Microsoft Visual Studio Solution File, Format Version 12.00
Project("{FAE04EC0-301F-11D3-BF4B-00C04F79EFBC}") = "ServerWorker.Deployment", "ServerWorker.Deployment\ServerWorker.Deployment.csproj", "{F99C6AA2-364F-4D1A-948D-DCF911AA7656}"
EndProject
Project("{2150E333-8FDC-42A3-9474-1A3956D46DE8}") = "Scripts", "Scripts", "{212F9A27-BB4E-4EBC-AD17-DFF2BB8F268D}"
	ProjectSection(SolutionItems) = preProject
		install_and_run.py = install_and_run.py
		uninstall.py = uninstall.py
	EndProjectSection
EndProject
Global
	GlobalSection(SolutionConfigurationPlatforms) = preSolution
		Debug|Any CPU = Debug|Any CPU
		Release|Any CPU = Release|Any CPU
	EndGlobalSection
	GlobalSection(ProjectConfigurationPlatforms) = postSolution
		{F99C6AA2-364F-4D1A-948D-DCF911AA7656}.Debug|Any CPU.ActiveCfg = Debug|Any CPU
		{F99C6AA2-364F-4D1A-948D-DCF911AA7656}.Debug|Any CPU.Build.0 = Debug|Any CPU
		{F99C6AA2-364F-4D1A-948D-DCF911AA7656}.Release|Any CPU.ActiveCfg = Release|Any CPU
		{F99C6AA2-364F-4D1A-948D-DCF911AA7656}.Release|Any CPU.Build.0 = Release|Any CPU
	EndGlobalSection
EndGlobal
